
Microsoft Visual Studio Solution File, Format Version 12.00
# Visual Studio 2013
VisualStudioVersion = 12.0.21005.1
MinimumVisualStudioVersion = 10.0.40219.1
Project("{FAE04EC0-301F-11D3-BF4B-00C04F79EFBC}") = "Assembler.GUI", "Assembler.GUI\Assembler.GUI.csproj", "{ACD6568B-79A5-46E7-85F8-105EFDDF4F96}"
EndProject
Project("{FAE04EC0-301F-11D3-BF4B-00C04F79EFBC}") = "Assembler.Logic", "Assembler.Logic\Assembler.Logic.csproj", "{CDDE23D3-24E7-4526-AA79-86B1ADD41FA7}"
EndProject
Global
	GlobalSection(SolutionConfigurationPlatforms) = preSolution
		Debug|Any CPU = Debug|Any CPU
		Release|Any CPU = Release|Any CPU
	EndGlobalSection
	GlobalSection(ProjectConfigurationPlatforms) = postSolution
		{ACD6568B-79A5-46E7-85F8-105EFDDF4F96}.Debug|Any CPU.ActiveCfg = Debug|Any CPU
		{ACD6568B-79A5-46E7-85F8-105EFDDF4F96}.Debug|Any CPU.Build.0 = Debug|Any CPU
		{ACD6568B-79A5-46E7-85F8-105EFDDF4F96}.Release|Any CPU.ActiveCfg = Release|Any CPU
		{ACD6568B-79A5-46E7-85F8-105EFDDF4F96}.Release|Any CPU.Build.0 = Release|Any CPU
		{CDDE23D3-24E7-4526-AA79-86B1ADD41FA7}.Debug|Any CPU.ActiveCfg = Debug|Any CPU
		{CDDE23D3-24E7-4526-AA79-86B1ADD41FA7}.Debug|Any CPU.Build.0 = Debug|Any CPU
		{CDDE23D3-24E7-4526-AA79-86B1ADD41FA7}.Release|Any CPU.ActiveCfg = Release|Any CPU
		{CDDE23D3-24E7-4526-AA79-86B1ADD41FA7}.Release|Any CPU.Build.0 = Release|Any CPU
	EndGlobalSection
	GlobalSection(SolutionProperties) = preSolution
		HideSolutionNode = FALSE
	EndGlobalSection
EndGlobal
